{
  "name": "project05_word_counter",
  "version": "1.0.0",
  "lockfileVersion": 3,
  "requires": true,
  "packages": {
    "": {
      "name": "project05_word_counter",
      "version": "1.0.0",
      "license": "ISC",
      "dependencies": {
        "fs": "^0.0.1-security",
        "node-readfiles": "^0.3.1"
      },
      "bin": {
        "awais_wordcounter": "bin/index.js"
      },
      "devDependencies": {
        "@types/node": "^18.15.11"
      }
    },
    "node_modules/@types/node": {
      "version": "18.15.11",
      "resolved": "https://registry.npmjs.org/@types/node/-/node-18.15.11.tgz",
      "integrity": "sha512-E5Kwq2n4SbMzQOn6wnmBjuK9ouqlURrcZDVfbo9ftDDTFt3nk7ZKK4GMOzoYgnpQJKcxwQw+lGaBvvlMo0qN/Q==",
      "dev": true
    },
    "node_modules/fs": {
      "version": "0.0.1-security",
      "resolved": "https://registry.npmjs.org/fs/-/fs-0.0.1-security.tgz",
      "integrity": "sha512-3XY9e1pP0CVEUCdj5BmfIZxRBTSDycnbqhIOGec9QYtmVH2fbLpj86CFWkrNOkt/Fvty4KZG5lTglL9j/gJ87w=="
    },
    "node_modules/node-readfiles": {
      "version": "0.3.1",
      "resolved": "https://registry.npmjs.org/node-readfiles/-/node-readfiles-0.3.1.tgz",
      "integrity": "sha512-2Gu+SQWWwXbcJm7aImNK4SvYGRC1fZMd2YAiA2EN72OWaV6zRzrV5amZ3dXWXiNG5vwzXZyQTIpNdLNuVUpx7w=="
    }
  }
}
